# THIS IS AN AUTOGENERATED FILE. DO NOT EDIT THIS FILE DIRECTLY.
# yarn lockfile v1


"@types/load-json-file@^2.0.5":
  version "2.0.7"
  resolved "https://registry.yarnpkg.com/@types/load-json-file/-/load-json-file-2.0.7.tgz#c887826f5230b7507d5230994d26315c6776be06"
  integrity sha512-NrH6jPlV77QCVPhAHofWeiOr77TgpKt82c2RVxSBChWBJqyY/u4ngl3CA4mcsAg/w7rNLrkR7dkObMV0ihLLXw==

error-ex@^1.3.1:
  version "1.3.1"
  resolved "https://registry.yarnpkg.com/error-ex/-/error-ex-1.3.1.tgz#f855a86ce61adc4e8621c3cda21e7a7612c3a8dc"
  integrity sha1-+FWobOYa3E6GIcPNoh56dhLDqNw=
  dependencies:
    is-arrayish "^0.2.1"

graceful-fs@^4.1.2:
  version "4.1.11"
  resolved "https://registry.yarnpkg.com/graceful-fs/-/graceful-fs-4.1.11.tgz#0e8bdfe4d1ddb8854d64e04ea7c00e2a026e5658"
  integrity sha1-Dovf5NHduIVNZOBOp8AOKgJuVlg=

is-arrayish@^0.2.1:
  version "0.2.1"
  resolved "https://registry.yarnpkg.com/is-arrayish/-/is-arrayish-0.2.1.tgz#77c99840527aa8ecb1a8ba697b80645a7a926a9d"
  integrity sha1-d8mYQFJ6qOyxqLppe4BkWnqSap0=

json-parse-better-errors@^1.0.1:
  version "1.0.2"
  resolved "https://registry.yarnpkg.com/json-parse-better-errors/-/json-parse-better-errors-1.0.2.tgz#bb867cfb3450e69107c131d1c514bab3dc8bcaa9"
  integrity sha512-mrqyZKfX5EhL7hvqcV6WG1yYjnjeuYDzDhhcAAUrq8Po85NBQBJP+ZDUT75qZQ98IkUoBqdkExkukOU7Ts2wrw==

load-json-file@^5.0.0:
  version "5.0.0"
  resolved "https://registry.yarnpkg.com/load-json-file/-/load-json-file-5.0.0.tgz#5b5ef7cb6e1e337408e02fe01fe679ccc0cd18d5"
  integrity sha512-wWRJeA/YQ2s53fBSrPrr6gnSKmNcnk4TV4c40ITRGQ4uxpgPddBL9xNh3WxPjJHewwzo2rFkEJWt87OR/35MEw==
  dependencies:
    graceful-fs "^4.1.2"
    parse-json "^4.0.0"
    pify "^3.0.0"
    strip-bom "^3.0.0"

parse-json@^4.0.0:
  version "4.0.0"
  resolved "https://registry.yarnpkg.com/parse-json/-/parse-json-4.0.0.tgz#be35f5425be1f7f6c747184f98a788cb99477ee0"
  integrity sha1-vjX1Qlvh9/bHRxhPmKeIy5lHfuA=
  dependencies:
    error-ex "^1.3.1"
    json-parse-better-errors "^1.0.1"

pify@^3.0.0:
  version "3.0.0"
  resolved "https://registry.yarnpkg.com/pify/-/pify-3.0.0.tgz#e5a4acd2c101fdf3d9a4d07f0dbc4db49dd28176"
  integrity sha1-5aSs0sEB/fPZpNB/DbxNtJ3SgXY=

strip-bom@^3.0.0:
  version "3.0.0"
  resolved "https://registry.yarnpkg.com/strip-bom/-/strip-bom-3.0.0.tgz#2334c18e9c759f7bdd56fdef7e9ae3d588e68ed3"
  integrity sha1-IzTBjpx1n3vdVv3vfprj1YjmjtM=

vscode-jsonrpc@^3.6.2:
  version "3.6.2"
  resolved "https://registry.yarnpkg.com/vscode-jsonrpc/-/vscode-jsonrpc-3.6.2.tgz#3b5eef691159a15556ecc500e9a8a0dd143470c8"
  integrity sha512-T24Jb5V48e4VgYliUXMnZ379ItbrXgOimweKaJshD84z+8q7ZOZjJan0MeDe+Ugb+uqERDVV8SBmemaGMSMugA==

vscode-languageserver-protocol@^3.8.1:
  version "3.8.1"
  resolved "https://registry.yarnpkg.com/vscode-languageserver-protocol/-/vscode-languageserver-protocol-3.8.1.tgz#ee3ce042f7f49f559a6a552e3f505001fa565154"
  integrity sha512-KdeetvQ2JavRiuE9afNrV5+xJZocj7NGPQwH4kpSFw5cp+0wijv87qgXfSEvmwPUaknhMBoSuSrSIG/LRrzWJQ==
  dependencies:
    vscode-jsonrpc "^3.6.2"
    vscode-languageserver-types "^3.8.1"

vscode-languageserver-types@^3.8.1:
  version "3.8.2"
  resolved "https://registry.yarnpkg.com/vscode-languageserver-types/-/vscode-languageserver-types-3.8.2.tgz#2550b8d852195328a735c56dbf4e72b8da31613f"
  integrity sha512-2RMkyt1O1czGPCnkjKZWSio2D8oh3XlQ4zi4W2xL8q2Dvi4hB3/DEt+wYyzo4hmE2ZFP0RB8PXyzHyed7p1hbw==

vscode-languageserver@^4.1.3:
  version "4.2.1"
  resolved "https://registry.yarnpkg.com/vscode-languageserver/-/vscode-languageserver-4.2.1.tgz#96b60785c299ba5eed22173a0f9cc64c8f5fda4d"
  integrity sha512-5WAxaK1nEpe52ZaWNMqmd6rO5CIE72J/7UkGKPUTdGa0l0haWHS69tpRz+LetBlgTpP7PYacl4xhDaLZv82a+g==
  dependencies:
    vscode-languageserver-protocol "^3.8.1"
    vscode-uri "^1.0.3"

vscode-uri@^1.0.3:
  version "1.0.5"
  resolved "https://registry.yarnpkg.com/vscode-uri/-/vscode-uri-1.0.5.tgz#3b899a8ef71c37f3054d79bdbdda31c7bf36f20d"
  integrity sha1-O4majvccN/MFTXm9vdoxx7828g0=

vscode-uri@^1.0.6:
  version "1.0.6"
  resolved "https://registry.yarnpkg.com/vscode-uri/-/vscode-uri-1.0.6.tgz#6b8f141b0bbc44ad7b07e94f82f168ac7608ad4d"
  integrity sha512-sLI2L0uGov3wKVb9EB+vIQBl9tVP90nqRvxSoJ35vI3NjxE8jfsE5DSOhWgSunHSZmKS4OCi2jrtfxK7uyp2ww==
